// !$*UTF8*$!
{
	archiveVersion = 1;
	classes = {
	};
	objectVersion = 50;
	objects = {

/* Begin PBXBuildFile section */
		AF0819FD26AEE8B2000A64E4 /* characters.swift in Sources */ = {isa = PBXBuildFile; fileRef = AF0819FC26AEE8B2000A64E4 /* characters.swift */; };
		AF081A0326AFF195000A64E4 /* second.swift in Sources */ = {isa = PBXBuildFile; fileRef = AF081A0226AFF195000A64E4 /* second.swift */; };
		AF57846426AE16910064E8F7 /* AppDelegate.swift in Sources */ = {isa = PBXBuildFile; fileRef = AF57846326AE16910064E8F7 /* AppDelegate.swift */; };
		AF57846626AE16910064E8F7 /* SceneDelegate.swift in Sources */ = {isa = PBXBuildFile; fileRef = AF57846526AE16910064E8F7 /* SceneDelegate.swift */; };
		AF57846826AE16910064E8F7 /* ViewController.swift in Sources */ = {isa = PBXBuildFile; fileRef = AF57846726AE16910064E8F7 /* ViewController.swift */; };
		AF57846B26AE16910064E8F7 /* Main.storyboard in Resources */ = {isa = PBXBuildFile; fileRef = AF57846926AE16910064E8F7 /* Main.storyboard */; };
		AF57846D26AE16940064E8F7 /* Assets.xcassets in Resources */ = {isa = PBXBuildFile; fileRef = AF57846C26AE16940064E8F7 /* Assets.xcassets */; };
		AF57847026AE16940064E8F7 /* LaunchScreen.storyboard in Resources */ = {isa = PBXBuildFile; fileRef = AF57846E26AE16940064E8F7 /* LaunchScreen.storyboard */; };
		AF57847826AE2A670064E8F7 /* CustomCell.swift in Sources */ = {isa = PBXBuildFile; fileRef = AF57847726AE2A670064E8F7 /* CustomCell.swift */; };
/* End PBXBuildFile section */

/* Begin PBXFileReference section */
		AF0819FC26AEE8B2000A64E4 /* characters.swift */ = {isa = PBXFileReference; lastKnownFileType = sourcecode.swift; path = characters.swift; sourceTree = "<group>"; };
		AF081A0226AFF195000A64E4 /* second.swift */ = {isa = PBXFileReference; lastKnownFileType = sourcecode.swift; path = second.swift; sourceTree = "<group>"; };
		AF57846026AE16910064E8F7 /* Rick n Morty.app */ = {isa = PBXFileReference; explicitFileType = wrapper.application; includeInIndex = 0; path = "Rick n Morty.app"; sourceTree = BUILT_PRODUCTS_DIR; };
		AF57846326AE16910064E8F7 /* AppDelegate.swift */ = {isa = PBXFileReference; lastKnownFileType = sourcecode.swift; path = AppDelegate.swift; sourceTree = "<group>"; };
		AF57846526AE16910064E8F7 /* SceneDelegate.swift */ = {isa = PBXFileReference; lastKnownFileType = sourcecode.swift; path = SceneDelegate.swift; sourceTree = "<group>"; };
		AF57846726AE16910064E8F7 /* ViewController.swift */ = {isa = PBXFileReference; lastKnownFileType = sourcecode.swift; path = ViewController.swift; sourceTree = "<group>"; };
		AF57846A26AE16910064E8F7 /* Base */ = {isa = PBXFileReference; lastKnownFileType = file.storyboard; name = Base; path = Base.lproj/Main.storyboard; sourceTree = "<group>"; };
		AF57846C26AE16940064E8F7 /* Assets.xcassets */ = {isa = PBXFileReference; lastKnownFileType = folder.assetcatalog; path = Assets.xcassets; sourceTree = "<group>"; };
		AF57846F26AE16940064E8F7 /* Base */ = {isa = PBXFileReference; lastKnownFileType = file.storyboard; name = Base; path = Base.lproj/LaunchScreen.storyboard; sourceTree = "<group>"; };
		AF57847126AE16940064E8F7 /* Info.plist */ = {isa = PBXFileReference; lastKnownFileType = text.plist.xml; path = Info.plist; sourceTree = "<group>"; };
		AF57847726AE2A670064E8F7 /* CustomCell.swift */ = {isa = PBXFileReference; lastKnownFileType = sourcecode.swift; path = CustomCell.swift; sourceTree = "<group>"; };
/* End PBXFileReference section */

/* Begin PBXFrameworksBuildPhase section */
		AF57845D26AE16910064E8F7 /* Frameworks */ = {
			isa = PBXFrameworksBuildPhase;
			buildActionMask = 2147483647;
			files = (
			);
			runOnlyForDeploymentPostprocessing = 0;
		};
/* End PBXFrameworksBuildPhase section */

/* Begin PBXGroup section */
		AF57845726AE16910064E8F7 = {
			isa = PBXGroup;
			children = (
				AF57846226AE16910064E8F7 /* Rick n Morty */,
				AF57846126AE16910064E8F7 /* Products */,
			);
			sourceTree = "<group>";
		};
		AF57846126AE16910064E8F7 /* Products */ = {
			isa = PBXGroup;
			children = (
				AF57846026AE16910064E8F7 /* Rick n Morty.app */,
			);
			name = Products;
			sourceTree = "<group>";
		};
		AF57846226AE16910064E8F7 /* Rick n Morty */ = {
			isa = PBXGroup;
			children = (
				AF57846326AE16910064E8F7 /* AppDelegate.swift */,
				AF57846526AE16910064E8F7 /* SceneDelegate.swift */,
				AF57846726AE16910064E8F7 /* ViewController.swift */,
				AF0819FC26AEE8B2000A64E4 /* characters.swift */,
				AF57846926AE16910064E8F7 /* Main.storyboard */,
				AF57847726AE2A670064E8F7 /* CustomCell.swift */,
				AF57846C26AE16940064E8F7 /* Assets.xcassets */,
				AF57846E26AE16940064E8F7 /* LaunchScreen.storyboard */,
				AF57847126AE16940064E8F7 /* Info.plist */,
				AF081A0226AFF195000A64E4 /* second.swift */,
			);
			path = "Rick n Morty";
			sourceTree = "<group>";
		};
/* End PBXGroup section */

/* Begin PBXNativeTarget section */
		AF57845F26AE16910064E8F7 /* Rick n Morty */ = {
			isa = PBXNativeTarget;
			buildConfigurationList = AF57847426AE16940064E8F7 /* Build configuration list for PBXNativeTarget "Rick n Morty" */;
			buildPhases = (
				AF57845C26AE16910064E8F7 /* Sources */,
				AF57845D26AE16910064E8F7 /* Frameworks */,
				AF57845E26AE16910064E8F7 /* Resources */,
			);
			buildRules = (
			);
			dependencies = (
			);
			name = "Rick n Morty";
			productName = "Rick n Morty";
			productReference = AF57846026AE16910064E8F7 /* Rick n Morty.app */;
			productType = "com.apple.product-type.application";
		};
/* End PBXNativeTarget section */

/* Begin PBXProject section */
		AF57845826AE16910064E8F7 /* Project object */ = {
			isa = PBXProject;
			attributes = {
				LastSwiftUpdateCheck = 1250;
				LastUpgradeCheck = 1250;
				TargetAttributes = {
					AF57845F26AE16910064E8F7 = {
						CreatedOnToolsVersion = 12.5.1;
					};
				};
			};
			buildConfigurationList = AF57845B26AE16910064E8F7 /* Build configuration list for PBXProject "Rick n Morty" */;
			compatibilityVersion = "Xcode 9.3";
			developmentRegion = en;
			hasScannedForEncodings = 0;
			knownRegions = (
				en,
				Base,
			);
			mainGroup = AF57845726AE16910064E8F7;
			productRefGroup = AF57846126AE16910064E8F7 /* Products */;
			projectDirPath = "";
			projectRoot = "";
			targets = (
				AF57845F26AE16910064E8F7 /* Rick n Morty */,
			);
		};
/* End PBXProject section */

/* Begin PBXResourcesBuildPhase section */
		AF57845E26AE16910064E8F7 /* Resources */ = {
			isa = PBXResourcesBuildPhase;
			buildActionMask = 2147483647;
			files = (
				AF57847026AE16940064E8F7 /* LaunchScreen.storyboard in Resources */,
				AF57846D26AE16940064E8F7 /* Assets.xcassets in Resources */,
				AF57846B26AE16910064E8F7 /* Main.storyboard in Resources */,
			);
			runOnlyForDeploymentPostprocessing = 0;
		};
/* End PBXResourcesBuildPhase section */

/* Begin PBXSourcesBuildPhase section */
		AF57845C26AE16910064E8F7 /* Sources */ = {
			isa = PBXSourcesBuildPhase;
			buildActionMask = 2147483647;
			files = (
				AF57846826AE16910064E8F7 /* ViewController.swift in Sources */,
				AF57846426AE16910064E8F7 /* AppDelegate.swift in Sources */,
				AF57847826AE2A670064E8F7 /* CustomCell.swift in Sources */,
				AF57846626AE16910064E8F7 /* SceneDelegate.swift in Sources */,
				AF0819FD26AEE8B2000A64E4 /* characters.swift in Sources */,
				AF081A0326AFF195000A64E4 /* second.swift in Sources */,
			);
			runOnlyForDeploymentPostprocessing = 0;
		};
/* End PBXSourcesBuildPhase section */

/* Begin PBXVariantGroup section */
		AF57846926AE16910064E8F7 /* Main.storyboard */ = {
			isa = PBXVariantGroup;
			children = (
				AF57846A26AE16910064E8F7 /* Base */,
			);
			name = Main.storyboard;
			sourceTree = "<group>";
		};
		AF57846E26AE16940064E8F7 /* LaunchScreen.storyboard */ = {
			isa = PBXVariantGroup;
			children = (
				AF57846F26AE16940064E8F7 /* Base */,
			);
			name = LaunchScreen.storyboard;
			sourceTree = "<group>";
		};
/* End PBXVariantGroup section */

/* Begin XCBuildConfiguration section */
		AF57847226AE16940064E8F7 /* Debug */ = {
			isa = XCBuildConfiguration;
			buildSettings = {
				ALWAYS_SEARCH_USER_PATHS = NO;
				CLANG_ANALYZER_NONNULL = YES;
				CLANG_ANALYZER_NUMBER_OBJECT_CONVERSION = YES_AGGRESSIVE;
				CLANG_CXX_LANGUAGE_STANDARD = "gnu++14";
				CLANG_CXX_LIBRARY = "libc++";
				CLANG_ENABLE_MODULES = YES;
				CLANG_ENABLE_OBJC_ARC = YES;
				CLANG_ENABLE_OBJC_WEAK = YES;
				CLANG_WARN_BLOCK_CAPTURE_AUTORELEASING = YES;
				CLANG_WARN_BOOL_CONVERSION = YES;
				CLANG_WARN_COMMA = YES;
				CLANG_WARN_CONSTANT_CONVERSION = YES;
				CLANG_WARN_DEPRECATED_OBJC_IMPLEMENTATIONS = YES;
				CLANG_WARN_DIRECT_OBJC_ISA_USAGE = YES_ERROR;
				CLANG_WARN_DOCUMENTATION_COMMENTS = YES;
				CLANG_WARN_EMPTY_BODY = YES;
				CLANG_WARN_ENUM_CONVERSION = YES;
				CLANG_WARN_INFINITE_RECURSION = YES;
				CLANG_WARN_INT_CONVERSION = YES;
				CLANG_WARN_NON_LITERAL_NULL_CONVERSION = YES;
				CLANG_WARN_OBJC_IMPLICIT_RETAIN_SELF = YES;
				CLANG_WARN_OBJC_LITERAL_CONVERSION = YES;
				CLANG_WARN_OBJC_ROOT_CLASS = YES_ERROR;
				CLANG_WARN_QUOTED_INCLUDE_IN_FRAMEWORK_HEADER = YES;
				CLANG_WARN_RANGE_LOOP_ANALYSIS = YES;
				CLANG_WARN_STRICT_PROTOTYPES = YES;
				CLANG_WARN_SUSPICIOUS_MOVE = YES;
				CLANG_WARN_UNGUARDED_AVAILABILITY = YES_AGGRESSIVE;
				CLANG_WARN_UNREACHABLE_CODE = YES;
				CLANG_WARN__DUPLICATE_METHOD_MATCH = YES;
				COPY_PHASE_STRIP = NO;
				DEBUG_INFORMATION_FORMAT = dwarf;
				ENABLE_STRICT_OBJC_MSGSEND = YES;
				ENABLE_TESTABILITY = YES;
				GCC_C_LANGUAGE_STANDARD = gnu11;
				GCC_DYNAMIC_NO_PIC = NO;
				GCC_NO_COMMON_BLOCKS = YES;
				GCC_OPTIMIZATION_LEVEL = 0;
				GCC_PREPROCESSOR_DEFINITIONS = (
					"DEBUG=1",
					"$(inherited)",
				);
				GCC_WARN_64_TO_32_BIT_CONVERSION = YES;
				GCC_WARN_ABOUT_RETURN_TYPE = YES_ERROR;
				GCC_WARN_UNDECLARED_SELECTOR = YES;
				GCC_WARN_UNINITIALIZED_AUTOS = YES_AGGRESSIVE;
				GCC_WARN_UNUSED_FUNCTION = YES;
				GCC_WARN_UNUSED_VARIABLE = YES;
				IPHONEOS_DEPLOYMENT_TARGET = 14.5;
				MTL_ENABLE_DEBUG_INFO = INCLUDE_SOURCE;
				MTL_FAST_MATH = YES;
				ONLY_ACTIVE_ARCH = YES;
				SDKROOT = iphoneos;
				SWIFT_ACTIVE_COMPILATION_CONDITIONS = DEBUG;
				SWIFT_OPTIMIZATION_LEVEL = "-Onone";
			};
			name = Debug;
		};
		AF57847326AE16940064E8F7 /* Release */ = {
			isa = XCBuildConfiguration;
			buildSettings = {
				ALWAYS_SEARCH_USER_PATHS = NO;
				CLANG_ANALYZER_NONNULL = YES;
				CLANG_ANALYZER_NUMBER_OBJECT_CONVERSION = YES_AGGRESSIVE;
				CLANG_CXX_LANGUAGE_STANDARD = "gnu++14";
				CLANG_CXX_LIBRARY = "libc++";
				CLANG_ENABLE_MODULES = YES;
				CLANG_ENABLE_OBJC_ARC = YES;
				CLANG_ENABLE_OBJC_WEAK = YES;
				CLANG_WARN_BLOCK_CAPTURE_AUTORELEASING = YES;
				CLANG_WARN_BOOL_CONVERSION = YES;
				CLANG_WARN_COMMA = YES;
				CLANG_WARN_CONSTANT_CONVERSION = YES;
				CLANG_WARN_DEPRECATED_OBJC_IMPLEMENTATIONS = YES;
				CLANG_WARN_DIRECT_OBJC_ISA_USAGE = YES_ERROR;
				CLANG_WARN_DOCUMENTATION_COMMENTS = YES;
				CLANG_WARN_EMPTY_BODY = YES;
				CLANG_WARN_ENUM_CONVERSION = YES;
				CLANG_WARN_INFINITE_RECURSION = YES;
				CLANG_WARN_INT_CONVERSION = YES;
				CLANG_WARN_NON_LITERAL_NULL_CONVERSION = YES;
				CLANG_WARN_OBJC_IMPLICIT_RETAIN_SELF = YES;
				CLANG_WARN_OBJC_LITERAL_CONVERSION = YES;
				CLANG_WARN_OBJC_ROOT_CLASS = YES_ERROR;
				CLANG_WARN_QUOTED_INCLUDE_IN_FRAMEWORK_HEADER = YES;
				CLANG_WARN_RANGE_LOOP_ANALYSIS = YES;
				CLANG_WARN_STRICT_PROTOTYPES = YES;
				CLANG_WARN_SUSPICIOUS_MOVE = YES;
				CLANG_WARN_UNGUARDED_AVAILABILITY = YES_AGGRESSIVE;
				CLANG_WARN_UNREACHABLE_CODE = YES;
				CLANG_WARN__DUPLICATE_METHOD_MATCH = YES;
				COPY_PHASE_STRIP = NO;
				DEBUG_INFORMATION_FORMAT = "dwarf-with-dsym";
				ENABLE_NS_ASSERTIONS = NO;
				ENABLE_STRICT_OBJC_MSGSEND = YES;
				GCC_C_LANGUAGE_STANDARD = gnu11;
				GCC_NO_COMMON_BLOCKS = YES;
				GCC_WARN_64_TO_32_BIT_CONVERSION = YES;
				GCC_WARN_ABOUT_RETURN_TYPE = YES_ERROR;
				GCC_WARN_UNDECLARED_SELECTOR = YES;
				GCC_WARN_UNINITIALIZED_AUTOS = YES_AGGRESSIVE;
				GCC_WARN_UNUSED_FUNCTION = YES;
				GCC_WARN_UNUSED_VARIABLE = YES;
				IPHONEOS_DEPLOYMENT_TARGET = 14.5;
				MTL_ENABLE_DEBUG_INFO = NO;
				MTL_FAST_MATH = YES;
				SDKROOT = iphoneos;
				SWIFT_COMPILATION_MODE = wholemodule;
				SWIFT_OPTIMIZATION_LEVEL = "-O";
				VALIDATE_PRODUCT = YES;
			};
			name = Release;
		};
		AF57847526AE16940064E8F7 /* Debug */ = {
			isa = XCBuildConfiguration;
			buildSettings = {
				ASSETCATALOG_COMPILER_APPICON_NAME = AppIcon;
				ASSETCATALOG_COMPILER_GLOBAL_ACCENT_COLOR_NAME = AccentColor;
				CODE_SIGN_STYLE = Automatic;
				DEVELOPMENT_TEAM = KX52B7K955;
				INFOPLIST_FILE = "Rick n Morty/Info.plist";
				LD_RUNPATH_SEARCH_PATHS = (
					"$(inherited)",
					"@executable_path/Frameworks",
				);
				PRODUCT_BUNDLE_IDENTIFIER = "com.prags.Rick-n-Morty";
				PRODUCT_NAME = "$(TARGET_NAME)";
				SWIFT_VERSION = 5.0;
				TARGETED_DEVICE_FAMILY = "1,2";
			};
			name = Debug;
		};
		AF57847626AE16940064E8F7 /* Release */ = {
			isa = XCBuildConfiguration;
			buildSettings = {
				ASSETCATALOG_COMPILER_APPICON_NAME = AppIcon;
				ASSETCATALOG_COMPILER_GLOBAL_ACCENT_COLOR_NAME = AccentColor;
				CODE_SIGN_STYLE = Automatic;
				DEVELOPMENT_TEAM = KX52B7K955;
				INFOPLIST_FILE = "Rick n Morty/Info.plist";
				LD_RUNPATH_SEARCH_PATHS = (
					"$(inherited)",
					"@executable_path/Frameworks",
				);
				PRODUCT_BUNDLE_IDENTIFIER = "com.prags.Rick-n-Morty";
				PRODUCT_NAME = "$(TARGET_NAME)";
				SWIFT_VERSION = 5.0;
				TARGETED_DEVICE_FAMILY = "1,2";
			};
			name = Release;
		};
/* End XCBuildConfiguration section */

/* Begin XCConfigurationList section */
		AF57845B26AE16910064E8F7 /* Build configuration list for PBXProject "Rick n Morty" */ = {
			isa = XCConfigurationList;
			buildConfigurations = (
				AF57847226AE16940064E8F7 /* Debug */,
				AF57847326AE16940064E8F7 /* Release */,
			);
			defaultConfigurationIsVisible = 0;
			defaultConfigurationName = Release;
		};
		AF57847426AE16940064E8F7 /* Build configuration list for PBXNativeTarget "Rick n Morty" */ = {
			isa = XCConfigurationList;
			buildConfigurations = (
				AF57847526AE16940064E8F7 /* Debug */,
				AF57847626AE16940064E8F7 /* Release */,
			);
			defaultConfigurationIsVisible = 0;
			defaultConfigurationName = Release;
		};
/* End XCConfigurationList section */
	};
	rootObject = AF57845826AE16910064E8F7 /* Project object */;
}
